
Microsoft Visual Studio Solution File, Format Version 12.00
# Visual Studio Version 17
VisualStudioVersion = 17.6.33717.318
MinimumVisualStudioVersion = 10.0.40219.1
Project("{9A19103F-16F7-4668-BE54-9A1E7A4F7556}") = "1.两数之和", "1.两数之和\1.两数之和.csproj", "{9B1BF881-8ADC-478A-AAA2-9F6F2BC28878}"
EndProject
Project("{9A19103F-16F7-4668-BE54-9A1E7A4F7556}") = "2.两数相加", "2.两数相加\2.两数相加.csproj", "{B87297C8-B7AE-415A-A0A3-60944566E7A0}"
EndProject
Project("{9A19103F-16F7-4668-BE54-9A1E7A4F7556}") = "3.无重复字符的最长子串", "3.无重复字符的最长子串\3.无重复字符的最长子串.csproj", "{3F118C45-3A1F-475D-8C9A-BF80B5AE225F}"
EndProject
Project("{9A19103F-16F7-4668-BE54-9A1E7A4F7556}") = "15.三数之和", "15.三数之和\15.三数之和.csproj", "{53D74474-A87D-4E90-B024-66FFA6E9C2E6}"
EndProject
Project("{9A19103F-16F7-4668-BE54-9A1E7A4F7556}") = "20.有效的括号", "20.有效的括号\20.有效的括号.csproj", "{9CC3A646-6491-4422-B127-4D20BE9ED7B3}"
EndProject
Project("{FAE04EC0-301F-11D3-BF4B-00C04F79EFBC}") = "4.寻找两个正序数组的中位数", "4.寻找两个正序数组的中位数\4.寻找两个正序数组的中位数.csproj", "{8F7F5DE9-8D5A-4025-8AD0-C791F00C291F}"
EndProject
Project("{2150E333-8FDC-42A3-9474-1A3956D46DE8}") = "1-10", "1-10", "{288BA6A0-36AE-40A3-A820-20CE22EC6823}"
EndProject
Project("{2150E333-8FDC-42A3-9474-1A3956D46DE8}") = "11-20", "11-20", "{C220B1AA-9497-4A9D-8918-3E4201BE0B32}"
EndProject
Project("{FAE04EC0-301F-11D3-BF4B-00C04F79EFBC}") = "5.最长回文串", "5.最长回文串\5.最长回文串.csproj", "{401921A8-C428-4D60-8609-E249F7B1F9D1}"
EndProject
Global
	GlobalSection(SolutionConfigurationPlatforms) = preSolution
		Debug|Any CPU = Debug|Any CPU
		Release|Any CPU = Release|Any CPU
	EndGlobalSection
	GlobalSection(ProjectConfigurationPlatforms) = postSolution
		{9B1BF881-8ADC-478A-AAA2-9F6F2BC28878}.Debug|Any CPU.ActiveCfg = Debug|Any CPU
		{9B1BF881-8ADC-478A-AAA2-9F6F2BC28878}.Debug|Any CPU.Build.0 = Debug|Any CPU
		{9B1BF881-8ADC-478A-AAA2-9F6F2BC28878}.Release|Any CPU.ActiveCfg = Release|Any CPU
		{9B1BF881-8ADC-478A-AAA2-9F6F2BC28878}.Release|Any CPU.Build.0 = Release|Any CPU
		{B87297C8-B7AE-415A-A0A3-60944566E7A0}.Debug|Any CPU.ActiveCfg = Debug|Any CPU
		{B87297C8-B7AE-415A-A0A3-60944566E7A0}.Debug|Any CPU.Build.0 = Debug|Any CPU
		{B87297C8-B7AE-415A-A0A3-60944566E7A0}.Release|Any CPU.ActiveCfg = Release|Any CPU
		{B87297C8-B7AE-415A-A0A3-60944566E7A0}.Release|Any CPU.Build.0 = Release|Any CPU
		{3F118C45-3A1F-475D-8C9A-BF80B5AE225F}.Debug|Any CPU.ActiveCfg = Debug|Any CPU
		{3F118C45-3A1F-475D-8C9A-BF80B5AE225F}.Debug|Any CPU.Build.0 = Debug|Any CPU
		{3F118C45-3A1F-475D-8C9A-BF80B5AE225F}.Release|Any CPU.ActiveCfg = Release|Any CPU
		{3F118C45-3A1F-475D-8C9A-BF80B5AE225F}.Release|Any CPU.Build.0 = Release|Any CPU
		{53D74474-A87D-4E90-B024-66FFA6E9C2E6}.Debug|Any CPU.ActiveCfg = Debug|Any CPU
		{53D74474-A87D-4E90-B024-66FFA6E9C2E6}.Debug|Any CPU.Build.0 = Debug|Any CPU
		{53D74474-A87D-4E90-B024-66FFA6E9C2E6}.Release|Any CPU.ActiveCfg = Release|Any CPU
		{53D74474-A87D-4E90-B024-66FFA6E9C2E6}.Release|Any CPU.Build.0 = Release|Any CPU
		{9CC3A646-6491-4422-B127-4D20BE9ED7B3}.Debug|Any CPU.ActiveCfg = Debug|Any CPU
		{9CC3A646-6491-4422-B127-4D20BE9ED7B3}.Debug|Any CPU.Build.0 = Debug|Any CPU
		{9CC3A646-6491-4422-B127-4D20BE9ED7B3}.Release|Any CPU.ActiveCfg = Release|Any CPU
		{9CC3A646-6491-4422-B127-4D20BE9ED7B3}.Release|Any CPU.Build.0 = Release|Any CPU
		{8F7F5DE9-8D5A-4025-8AD0-C791F00C291F}.Debug|Any CPU.ActiveCfg = Debug|Any CPU
		{8F7F5DE9-8D5A-4025-8AD0-C791F00C291F}.Debug|Any CPU.Build.0 = Debug|Any CPU
		{8F7F5DE9-8D5A-4025-8AD0-C791F00C291F}.Release|Any CPU.ActiveCfg = Release|Any CPU
		{8F7F5DE9-8D5A-4025-8AD0-C791F00C291F}.Release|Any CPU.Build.0 = Release|Any CPU
		{401921A8-C428-4D60-8609-E249F7B1F9D1}.Debug|Any CPU.ActiveCfg = Debug|Any CPU
		{401921A8-C428-4D60-8609-E249F7B1F9D1}.Debug|Any CPU.Build.0 = Debug|Any CPU
		{401921A8-C428-4D60-8609-E249F7B1F9D1}.Release|Any CPU.ActiveCfg = Release|Any CPU
		{401921A8-C428-4D60-8609-E249F7B1F9D1}.Release|Any CPU.Build.0 = Release|Any CPU
	EndGlobalSection
	GlobalSection(SolutionProperties) = preSolution
		HideSolutionNode = FALSE
	EndGlobalSection
	GlobalSection(NestedProjects) = preSolution
		{9B1BF881-8ADC-478A-AAA2-9F6F2BC28878} = {288BA6A0-36AE-40A3-A820-20CE22EC6823}
		{B87297C8-B7AE-415A-A0A3-60944566E7A0} = {288BA6A0-36AE-40A3-A820-20CE22EC6823}
		{3F118C45-3A1F-475D-8C9A-BF80B5AE225F} = {288BA6A0-36AE-40A3-A820-20CE22EC6823}
		{53D74474-A87D-4E90-B024-66FFA6E9C2E6} = {C220B1AA-9497-4A9D-8918-3E4201BE0B32}
		{9CC3A646-6491-4422-B127-4D20BE9ED7B3} = {C220B1AA-9497-4A9D-8918-3E4201BE0B32}
		{8F7F5DE9-8D5A-4025-8AD0-C791F00C291F} = {288BA6A0-36AE-40A3-A820-20CE22EC6823}
		{401921A8-C428-4D60-8609-E249F7B1F9D1} = {288BA6A0-36AE-40A3-A820-20CE22EC6823}
	EndGlobalSection
	GlobalSection(ExtensibilityGlobals) = postSolution
		SolutionGuid = {29690C7F-7743-4048-A97B-194501D9EA0F}
	EndGlobalSection
EndGlobal
